// !$*UTF8*$!
{
	archiveVersion = 1;
	classes = {
	};
	objectVersion = 56;
	objects = {

/* Begin PBXBuildFile section */
		5EEC382C2BB7DF8C000C9A7B /* HuiPizzaApp.swift in Sources */ = {isa = PBXBuildFile; fileRef = 5EEC382B2BB7DF8C000C9A7B /* HuiPizzaApp.swift */; };
		5EEC382E2BB7DF8C000C9A7B /* ContentView.swift in Sources */ = {isa = PBXBuildFile; fileRef = 5EEC382D2BB7DF8C000C9A7B /* ContentView.swift */; };
		5EEC38302BB7DF90000C9A7B /* Assets.xcassets in Resources */ = {isa = PBXBuildFile; fileRef = 5EEC382F2BB7DF90000C9A7B /* Assets.xcassets */; };
		5EEC38332BB7DF90000C9A7B /* Preview Assets.xcassets in Resources */ = {isa = PBXBuildFile; fileRef = 5EEC38322BB7DF90000C9A7B /* Preview Assets.xcassets */; };
		5EEC383D2BB7DF91000C9A7B /* HuiPizzaTests.swift in Sources */ = {isa = PBXBuildFile; fileRef = 5EEC383C2BB7DF91000C9A7B /* HuiPizzaTests.swift */; };
		5EEC38472BB7DF91000C9A7B /* HuiPizzaUITests.swift in Sources */ = {isa = PBXBuildFile; fileRef = 5EEC38462BB7DF91000C9A7B /* HuiPizzaUITests.swift */; };
		5EEC38492BB7DF91000C9A7B /* HuiPizzaUITestsLaunchTests.swift in Sources */ = {isa = PBXBuildFile; fileRef = 5EEC38482BB7DF91000C9A7B /* HuiPizzaUITestsLaunchTests.swift */; };
/* End PBXBuildFile section */

/* Begin PBXContainerItemProxy section */
		5EEC38392BB7DF91000C9A7B /* PBXContainerItemProxy */ = {
			isa = PBXContainerItemProxy;
			containerPortal = 5EEC38202BB7DF8C000C9A7B /* Project object */;
			proxyType = 1;
			remoteGlobalIDString = 5EEC38272BB7DF8C000C9A7B;
			remoteInfo = HuiPizza;
		};
		5EEC38432BB7DF91000C9A7B /* PBXContainerItemProxy */ = {
			isa = PBXContainerItemProxy;
			containerPortal = 5EEC38202BB7DF8C000C9A7B /* Project object */;
			proxyType = 1;
			remoteGlobalIDString = 5EEC38272BB7DF8C000C9A7B;
			remoteInfo = HuiPizza;
		};
/* End PBXContainerItemProxy section */

/* Begin PBXFileReference section */
		5EEC38282BB7DF8C000C9A7B /* HuiPizza.app */ = {isa = PBXFileReference; explicitFileType = wrapper.application; includeInIndex = 0; path = HuiPizza.app; sourceTree = BUILT_PRODUCTS_DIR; };
		5EEC382B2BB7DF8C000C9A7B /* HuiPizzaApp.swift */ = {isa = PBXFileReference; lastKnownFileType = sourcecode.swift; path = HuiPizzaApp.swift; sourceTree = "<group>"; };
		5EEC382D2BB7DF8C000C9A7B /* ContentView.swift */ = {isa = PBXFileReference; lastKnownFileType = sourcecode.swift; path = ContentView.swift; sourceTree = "<group>"; };
		5EEC382F2BB7DF90000C9A7B /* Assets.xcassets */ = {isa = PBXFileReference; lastKnownFileType = folder.assetcatalog; path = Assets.xcassets; sourceTree = "<group>"; };
		5EEC38322BB7DF90000C9A7B /* Preview Assets.xcassets */ = {isa = PBXFileReference; lastKnownFileType = folder.assetcatalog; path = "Preview Assets.xcassets"; sourceTree = "<group>"; };
		5EEC38382BB7DF91000C9A7B /* HuiPizzaTests.xctest */ = {isa = PBXFileReference; explicitFileType = wrapper.cfbundle; includeInIndex = 0; path = HuiPizzaTests.xctest; sourceTree = BUILT_PRODUCTS_DIR; };
		5EEC383C2BB7DF91000C9A7B /* HuiPizzaTests.swift */ = {isa = PBXFileReference; lastKnownFileType = sourcecode.swift; path = HuiPizzaTests.swift; sourceTree = "<group>"; };
		5EEC38422BB7DF91000C9A7B /* HuiPizzaUITests.xctest */ = {isa = PBXFileReference; explicitFileType = wrapper.cfbundle; includeInIndex = 0; path = HuiPizzaUITests.xctest; sourceTree = BUILT_PRODUCTS_DIR; };
		5EEC38462BB7DF91000C9A7B /* HuiPizzaUITests.swift */ = {isa = PBXFileReference; lastKnownFileType = sourcecode.swift; path = HuiPizzaUITests.swift; sourceTree = "<group>"; };
		5EEC38482BB7DF91000C9A7B /* HuiPizzaUITestsLaunchTests.swift */ = {isa = PBXFileReference; lastKnownFileType = sourcecode.swift; path = HuiPizzaUITestsLaunchTests.swift; sourceTree = "<group>"; };
/* End PBXFileReference section */

/* Begin PBXFrameworksBuildPhase section */
		5EEC38252BB7DF8C000C9A7B /* Frameworks */ = {
			isa = PBXFrameworksBuildPhase;
			buildActionMask = 2147483647;
			files = (
			);
			runOnlyForDeploymentPostprocessing = 0;
		};
		5EEC38352BB7DF91000C9A7B /* Frameworks */ = {
			isa = PBXFrameworksBuildPhase;
			buildActionMask = 2147483647;
			files = (
			);
			runOnlyForDeploymentPostprocessing = 0;
		};
		5EEC383F2BB7DF91000C9A7B /* Frameworks */ = {
			isa = PBXFrameworksBuildPhase;
			buildActionMask = 2147483647;
			files = (
			);
			runOnlyForDeploymentPostprocessing = 0;
		};
/* End PBXFrameworksBuildPhase section */

/* Begin PBXGroup section */
		5EEC381F2BB7DF8C000C9A7B = {
			isa = PBXGroup;
			children = (
				5EEC382A2BB7DF8C000C9A7B /* HuiPizza */,
				5EEC383B2BB7DF91000C9A7B /* HuiPizzaTests */,
				5EEC38452BB7DF91000C9A7B /* HuiPizzaUITests */,
				5EEC38292BB7DF8C000C9A7B /* Products */,
			);
			sourceTree = "<group>";
		};
		5EEC38292BB7DF8C000C9A7B /* Products */ = {
			isa = PBXGroup;
			children = (
				5EEC38282BB7DF8C000C9A7B /* HuiPizza.app */,
				5EEC38382BB7DF91000C9A7B /* HuiPizzaTests.xctest */,
				5EEC38422BB7DF91000C9A7B /* HuiPizzaUITests.xctest */,
			);
			name = Products;
			sourceTree = "<group>";
		};
		5EEC382A2BB7DF8C000C9A7B /* HuiPizza */ = {
			isa = PBXGroup;
			children = (
				5EEC382B2BB7DF8C000C9A7B /* HuiPizzaApp.swift */,
				5EEC382D2BB7DF8C000C9A7B /* ContentView.swift */,
				5EEC382F2BB7DF90000C9A7B /* Assets.xcassets */,
				5EEC38312BB7DF90000C9A7B /* Preview Content */,
			);
			path = HuiPizza;
			sourceTree = "<group>";
		};
		5EEC38312BB7DF90000C9A7B /* Preview Content */ = {
			isa = PBXGroup;
			children = (
				5EEC38322BB7DF90000C9A7B /* Preview Assets.xcassets */,
			);
			path = "Preview Content";
			sourceTree = "<group>";
		};
		5EEC383B2BB7DF91000C9A7B /* HuiPizzaTests */ = {
			isa = PBXGroup;
			children = (
				5EEC383C2BB7DF91000C9A7B /* HuiPizzaTests.swift */,
			);
			path = HuiPizzaTests;
			sourceTree = "<group>";
		};
		5EEC38452BB7DF91000C9A7B /* HuiPizzaUITests */ = {
			isa = PBXGroup;
			children = (
				5EEC38462BB7DF91000C9A7B /* HuiPizzaUITests.swift */,
				5EEC38482BB7DF91000C9A7B /* HuiPizzaUITestsLaunchTests.swift */,
			);
			path = HuiPizzaUITests;
			sourceTree = "<group>";
		};
/* End PBXGroup section */

/* Begin PBXNativeTarget section */
		5EEC38272BB7DF8C000C9A7B /* HuiPizza */ = {
			isa = PBXNativeTarget;
			buildConfigurationList = 5EEC384C2BB7DF91000C9A7B /* Build configuration list for PBXNativeTarget "HuiPizza" */;
			buildPhases = (
				5EEC38242BB7DF8C000C9A7B /* Sources */,
				5EEC38252BB7DF8C000C9A7B /* Frameworks */,
				5EEC38262BB7DF8C000C9A7B /* Resources */,
			);
			buildRules = (
			);
			dependencies = (
			);
			name = HuiPizza;
			productName = HuiPizza;
			productReference = 5EEC38282BB7DF8C000C9A7B /* HuiPizza.app */;
			productType = "com.apple.product-type.application";
		};
		5EEC38372BB7DF91000C9A7B /* HuiPizzaTests */ = {
			isa = PBXNativeTarget;
			buildConfigurationList = 5EEC384F2BB7DF91000C9A7B /* Build configuration list for PBXNativeTarget "HuiPizzaTests" */;
			buildPhases = (
				5EEC38342BB7DF91000C9A7B /* Sources */,
				5EEC38352BB7DF91000C9A7B /* Frameworks */,
				5EEC38362BB7DF91000C9A7B /* Resources */,
			);
			buildRules = (
			);
			dependencies = (
				5EEC383A2BB7DF91000C9A7B /* PBXTargetDependency */,
			);
			name = HuiPizzaTests;
			productName = HuiPizzaTests;
			productReference = 5EEC38382BB7DF91000C9A7B /* HuiPizzaTests.xctest */;
			productType = "com.apple.product-type.bundle.unit-test";
		};
		5EEC38412BB7DF91000C9A7B /* HuiPizzaUITests */ = {
			isa = PBXNativeTarget;
			buildConfigurationList = 5EEC38522BB7DF91000C9A7B /* Build configuration list for PBXNativeTarget "HuiPizzaUITests" */;
			buildPhases = (
				5EEC383E2BB7DF91000C9A7B /* Sources */,
				5EEC383F2BB7DF91000C9A7B /* Frameworks */,
				5EEC38402BB7DF91000C9A7B /* Resources */,
			);
			buildRules = (
			);
			dependencies = (
				5EEC38442BB7DF91000C9A7B /* PBXTargetDependency */,
			);
			name = HuiPizzaUITests;
			productName = HuiPizzaUITests;
			productReference = 5EEC38422BB7DF91000C9A7B /* HuiPizzaUITests.xctest */;
			productType = "com.apple.product-type.bundle.ui-testing";
		};
/* End PBXNativeTarget section */

/* Begin PBXProject section */
		5EEC38202BB7DF8C000C9A7B /* Project object */ = {
			isa = PBXProject;
			attributes = {
				BuildIndependentTargetsInParallel = 1;
				LastSwiftUpdateCheck = 1530;
				LastUpgradeCheck = 1530;
				TargetAttributes = {
					5EEC38272BB7DF8C000C9A7B = {
						CreatedOnToolsVersion = 15.3;
					};
					5EEC38372BB7DF91000C9A7B = {
						CreatedOnToolsVersion = 15.3;
						TestTargetID = 5EEC38272BB7DF8C000C9A7B;
					};
					5EEC38412BB7DF91000C9A7B = {
						CreatedOnToolsVersion = 15.3;
						TestTargetID = 5EEC38272BB7DF8C000C9A7B;
					};
				};
			};
			buildConfigurationList = 5EEC38232BB7DF8C000C9A7B /* Build configuration list for PBXProject "HuiPizza" */;
			compatibilityVersion = "Xcode 14.0";
			developmentRegion = en;
			hasScannedForEncodings = 0;
			knownRegions = (
				en,
				Base,
			);
			mainGroup = 5EEC381F2BB7DF8C000C9A7B;
			productRefGroup = 5EEC38292BB7DF8C000C9A7B /* Products */;
			projectDirPath = "";
			projectRoot = "";
			targets = (
				5EEC38272BB7DF8C000C9A7B /* HuiPizza */,
				5EEC38372BB7DF91000C9A7B /* HuiPizzaTests */,
				5EEC38412BB7DF91000C9A7B /* HuiPizzaUITests */,
			);
		};
/* End PBXProject section */

/* Begin PBXResourcesBuildPhase section */
		5EEC38262BB7DF8C000C9A7B /* Resources */ = {
			isa = PBXResourcesBuildPhase;
			buildActionMask = 2147483647;
			files = (
				5EEC38332BB7DF90000C9A7B /* Preview Assets.xcassets in Resources */,
				5EEC38302BB7DF90000C9A7B /* Assets.xcassets in Resources */,
			);
			runOnlyForDeploymentPostprocessing = 0;
		};
		5EEC38362BB7DF91000C9A7B /* Resources */ = {
			isa = PBXResourcesBuildPhase;
			buildActionMask = 2147483647;
			files = (
			);
			runOnlyForDeploymentPostprocessing = 0;
		};
		5EEC38402BB7DF91000C9A7B /* Resources */ = {
			isa = PBXResourcesBuildPhase;
			buildActionMask = 2147483647;
			files = (
			);
			runOnlyForDeploymentPostprocessing = 0;
		};
/* End PBXResourcesBuildPhase section */

/* Begin PBXSourcesBuildPhase section */
		5EEC38242BB7DF8C000C9A7B /* Sources */ = {
			isa = PBXSourcesBuildPhase;
			buildActionMask = 2147483647;
			files = (
				5EEC382E2BB7DF8C000C9A7B /* ContentView.swift in Sources */,
				5EEC382C2BB7DF8C000C9A7B /* HuiPizzaApp.swift in Sources */,
			);
			runOnlyForDeploymentPostprocessing = 0;
		};
		5EEC38342BB7DF91000C9A7B /* Sources */ = {
			isa = PBXSourcesBuildPhase;
			buildActionMask = 2147483647;
			files = (
				5EEC383D2BB7DF91000C9A7B /* HuiPizzaTests.swift in Sources */,
			);
			runOnlyForDeploymentPostprocessing = 0;
		};
		5EEC383E2BB7DF91000C9A7B /* Sources */ = {
			isa = PBXSourcesBuildPhase;
			buildActionMask = 2147483647;
			files = (
				5EEC38492BB7DF91000C9A7B /* HuiPizzaUITestsLaunchTests.swift in Sources */,
				5EEC38472BB7DF91000C9A7B /* HuiPizzaUITests.swift in Sources */,
			);
			runOnlyForDeploymentPostprocessing = 0;
		};
/* End PBXSourcesBuildPhase section */

/* Begin PBXTargetDependency section */
		5EEC383A2BB7DF91000C9A7B /* PBXTargetDependency */ = {
			isa = PBXTargetDependency;
			target = 5EEC38272BB7DF8C000C9A7B /* HuiPizza */;
			targetProxy = 5EEC38392BB7DF91000C9A7B /* PBXContainerItemProxy */;
		};
		5EEC38442BB7DF91000C9A7B /* PBXTargetDependency */ = {
			isa = PBXTargetDependency;
			target = 5EEC38272BB7DF8C000C9A7B /* HuiPizza */;
			targetProxy = 5EEC38432BB7DF91000C9A7B /* PBXContainerItemProxy */;
		};
/* End PBXTargetDependency section */

/* Begin XCBuildConfiguration section */
		5EEC384A2BB7DF91000C9A7B /* Debug */ = {
			isa = XCBuildConfiguration;
			buildSettings = {
				ALWAYS_SEARCH_USER_PATHS = NO;
				ASSETCATALOG_COMPILER_GENERATE_SWIFT_ASSET_SYMBOL_EXTENSIONS = YES;
				CLANG_ANALYZER_NONNULL = YES;
				CLANG_ANALYZER_NUMBER_OBJECT_CONVERSION = YES_AGGRESSIVE;
				CLANG_CXX_LANGUAGE_STANDARD = "gnu++20";
				CLANG_ENABLE_MODULES = YES;
				CLANG_ENABLE_OBJC_ARC = YES;
				CLANG_ENABLE_OBJC_WEAK = YES;
				CLANG_WARN_BLOCK_CAPTURE_AUTORELEASING = YES;
				CLANG_WARN_BOOL_CONVERSION = YES;
				CLANG_WARN_COMMA = YES;
				CLANG_WARN_CONSTANT_CONVERSION = YES;
				CLANG_WARN_DEPRECATED_OBJC_IMPLEMENTATIONS = YES;
				CLANG_WARN_DIRECT_OBJC_ISA_USAGE = YES_ERROR;
				CLANG_WARN_DOCUMENTATION_COMMENTS = YES;
				CLANG_WARN_EMPTY_BODY = YES;
				CLANG_WARN_ENUM_CONVERSION = YES;
				CLANG_WARN_INFINITE_RECURSION = YES;
				CLANG_WARN_INT_CONVERSION = YES;
				CLANG_WARN_NON_LITERAL_NULL_CONVERSION = YES;
				CLANG_WARN_OBJC_IMPLICIT_RETAIN_SELF = YES;
				CLANG_WARN_OBJC_LITERAL_CONVERSION = YES;
				CLANG_WARN_OBJC_ROOT_CLASS = YES_ERROR;
				CLANG_WARN_QUOTED_INCLUDE_IN_FRAMEWORK_HEADER = YES;
				CLANG_WARN_RANGE_LOOP_ANALYSIS = YES;
				CLANG_WARN_STRICT_PROTOTYPES = YES;
				CLANG_WARN_SUSPICIOUS_MOVE = YES;
				CLANG_WARN_UNGUARDED_AVAILABILITY = YES_AGGRESSIVE;
				CLANG_WARN_UNREACHABLE_CODE = YES;
				CLANG_WARN__DUPLICATE_METHOD_MATCH = YES;
				COPY_PHASE_STRIP = NO;
				DEBUG_INFORMATION_FORMAT = dwarf;
				ENABLE_STRICT_OBJC_MSGSEND = YES;
				ENABLE_TESTABILITY = YES;
				ENABLE_USER_SCRIPT_SANDBOXING = YES;
				GCC_C_LANGUAGE_STANDARD = gnu17;
				GCC_DYNAMIC_NO_PIC = NO;
				GCC_NO_COMMON_BLOCKS = YES;
				GCC_OPTIMIZATION_LEVEL = 0;
				GCC_PREPROCESSOR_DEFINITIONS = (
					"DEBUG=1",
					"$(inherited)",
				);
				GCC_WARN_64_TO_32_BIT_CONVERSION = YES;
				GCC_WARN_ABOUT_RETURN_TYPE = YES_ERROR;
				GCC_WARN_UNDECLARED_SELECTOR = YES;
				GCC_WARN_UNINITIALIZED_AUTOS = YES_AGGRESSIVE;
				GCC_WARN_UNUSED_FUNCTION = YES;
				GCC_WARN_UNUSED_VARIABLE = YES;
				IPHONEOS_DEPLOYMENT_TARGET = 17.4;
				LOCALIZATION_PREFERS_STRING_CATALOGS = YES;
				MTL_ENABLE_DEBUG_INFO = INCLUDE_SOURCE;
				MTL_FAST_MATH = YES;
				ONLY_ACTIVE_ARCH = YES;
				SDKROOT = iphoneos;
				SWIFT_ACTIVE_COMPILATION_CONDITIONS = "DEBUG $(inherited)";
				SWIFT_OPTIMIZATION_LEVEL = "-Onone";
			};
			name = Debug;
		};
		5EEC384B2BB7DF91000C9A7B /* Release */ = {
			isa = XCBuildConfiguration;
			buildSettings = {
				ALWAYS_SEARCH_USER_PATHS = NO;
				ASSETCATALOG_COMPILER_GENERATE_SWIFT_ASSET_SYMBOL_EXTENSIONS = YES;
				CLANG_ANALYZER_NONNULL = YES;
				CLANG_ANALYZER_NUMBER_OBJECT_CONVERSION = YES_AGGRESSIVE;
				CLANG_CXX_LANGUAGE_STANDARD = "gnu++20";
				CLANG_ENABLE_MODULES = YES;
				CLANG_ENABLE_OBJC_ARC = YES;
				CLANG_ENABLE_OBJC_WEAK = YES;
				CLANG_WARN_BLOCK_CAPTURE_AUTORELEASING = YES;
				CLANG_WARN_BOOL_CONVERSION = YES;
				CLANG_WARN_COMMA = YES;
				CLANG_WARN_CONSTANT_CONVERSION = YES;
				CLANG_WARN_DEPRECATED_OBJC_IMPLEMENTATIONS = YES;
				CLANG_WARN_DIRECT_OBJC_ISA_USAGE = YES_ERROR;
				CLANG_WARN_DOCUMENTATION_COMMENTS = YES;
				CLANG_WARN_EMPTY_BODY = YES;
				CLANG_WARN_ENUM_CONVERSION = YES;
				CLANG_WARN_INFINITE_RECURSION = YES;
				CLANG_WARN_INT_CONVERSION = YES;
				CLANG_WARN_NON_LITERAL_NULL_CONVERSION = YES;
				CLANG_WARN_OBJC_IMPLICIT_RETAIN_SELF = YES;
				CLANG_WARN_OBJC_LITERAL_CONVERSION = YES;
				CLANG_WARN_OBJC_ROOT_CLASS = YES_ERROR;
				CLANG_WARN_QUOTED_INCLUDE_IN_FRAMEWORK_HEADER = YES;
				CLANG_WARN_RANGE_LOOP_ANALYSIS = YES;
				CLANG_WARN_STRICT_PROTOTYPES = YES;
				CLANG_WARN_SUSPICIOUS_MOVE = YES;
				CLANG_WARN_UNGUARDED_AVAILABILITY = YES_AGGRESSIVE;
				CLANG_WARN_UNREACHABLE_CODE = YES;
				CLANG_WARN__DUPLICATE_METHOD_MATCH = YES;
				COPY_PHASE_STRIP = NO;
				DEBUG_INFORMATION_FORMAT = "dwarf-with-dsym";
				ENABLE_NS_ASSERTIONS = NO;
				ENABLE_STRICT_OBJC_MSGSEND = YES;
				ENABLE_USER_SCRIPT_SANDBOXING = YES;
				GCC_C_LANGUAGE_STANDARD = gnu17;
				GCC_NO_COMMON_BLOCKS = YES;
				GCC_WARN_64_TO_32_BIT_CONVERSION = YES;
				GCC_WARN_ABOUT_RETURN_TYPE = YES_ERROR;
				GCC_WARN_UNDECLARED_SELECTOR = YES;
				GCC_WARN_UNINITIALIZED_AUTOS = YES_AGGRESSIVE;
				GCC_WARN_UNUSED_FUNCTION = YES;
				GCC_WARN_UNUSED_VARIABLE = YES;
				IPHONEOS_DEPLOYMENT_TARGET = 17.4;
				LOCALIZATION_PREFERS_STRING_CATALOGS = YES;
				MTL_ENABLE_DEBUG_INFO = NO;
				MTL_FAST_MATH = YES;
				SDKROOT = iphoneos;
				SWIFT_COMPILATION_MODE = wholemodule;
				VALIDATE_PRODUCT = YES;
			};
			name = Release;
		};
		5EEC384D2BB7DF91000C9A7B /* Debug */ = {
			isa = XCBuildConfiguration;
			buildSettings = {
				ASSETCATALOG_COMPILER_APPICON_NAME = AppIcon;
				ASSETCATALOG_COMPILER_GLOBAL_ACCENT_COLOR_NAME = AccentColor;
				CODE_SIGN_STYLE = Automatic;
				CURRENT_PROJECT_VERSION = 1;
				DEVELOPMENT_ASSET_PATHS = "\"HuiPizza/Preview Content\"";
				ENABLE_PREVIEWS = YES;
				GENERATE_INFOPLIST_FILE = YES;
				INFOPLIST_KEY_UIApplicationSceneManifest_Generation = YES;
				INFOPLIST_KEY_UIApplicationSupportsIndirectInputEvents = YES;
				INFOPLIST_KEY_UILaunchScreen_Generation = YES;
				INFOPLIST_KEY_UISupportedInterfaceOrientations_iPad = "UIInterfaceOrientationPortrait UIInterfaceOrientationPortraitUpsideDown UIInterfaceOrientationLandscapeLeft UIInterfaceOrientationLandscapeRight";
				INFOPLIST_KEY_UISupportedInterfaceOrientations_iPhone = "UIInterfaceOrientationPortrait UIInterfaceOrientationLandscapeLeft UIInterfaceOrientationLandscapeRight";
				LD_RUNPATH_SEARCH_PATHS = (
					"$(inherited)",
					"@executable_path/Frameworks",
				);
				MARKETING_VERSION = 1.0;
				PRODUCT_BUNDLE_IDENTIFIER = com.example1.HuiPizza;
				PRODUCT_NAME = "$(TARGET_NAME)";
				SWIFT_EMIT_LOC_STRINGS = YES;
				SWIFT_VERSION = 5.0;
				TARGETED_DEVICE_FAMILY = "1,2";
			};
			name = Debug;
		};
		5EEC384E2BB7DF91000C9A7B /* Release */ = {
			isa = XCBuildConfiguration;
			buildSettings = {
				ASSETCATALOG_COMPILER_APPICON_NAME = AppIcon;
				ASSETCATALOG_COMPILER_GLOBAL_ACCENT_COLOR_NAME = AccentColor;
				CODE_SIGN_STYLE = Automatic;
				CURRENT_PROJECT_VERSION = 1;
				DEVELOPMENT_ASSET_PATHS = "\"HuiPizza/Preview Content\"";
				ENABLE_PREVIEWS = YES;
				GENERATE_INFOPLIST_FILE = YES;
				INFOPLIST_KEY_UIApplicationSceneManifest_Generation = YES;
				INFOPLIST_KEY_UIApplicationSupportsIndirectInputEvents = YES;
				INFOPLIST_KEY_UILaunchScreen_Generation = YES;
				INFOPLIST_KEY_UISupportedInterfaceOrientations_iPad = "UIInterfaceOrientationPortrait UIInterfaceOrientationPortraitUpsideDown UIInterfaceOrientationLandscapeLeft UIInterfaceOrientationLandscapeRight";
				INFOPLIST_KEY_UISupportedInterfaceOrientations_iPhone = "UIInterfaceOrientationPortrait UIInterfaceOrientationLandscapeLeft UIInterfaceOrientationLandscapeRight";
				LD_RUNPATH_SEARCH_PATHS = (
					"$(inherited)",
					"@executable_path/Frameworks",
				);
				MARKETING_VERSION = 1.0;
				PRODUCT_BUNDLE_IDENTIFIER = com.example1.HuiPizza;
				PRODUCT_NAME = "$(TARGET_NAME)";
				SWIFT_EMIT_LOC_STRINGS = YES;
				SWIFT_VERSION = 5.0;
				TARGETED_DEVICE_FAMILY = "1,2";
			};
			name = Release;
		};
		5EEC38502BB7DF91000C9A7B /* Debug */ = {
			isa = XCBuildConfiguration;
			buildSettings = {
				ALWAYS_EMBED_SWIFT_STANDARD_LIBRARIES = YES;
				BUNDLE_LOADER = "$(TEST_HOST)";
				CODE_SIGN_STYLE = Automatic;
				CURRENT_PROJECT_VERSION = 1;
				GENERATE_INFOPLIST_FILE = YES;
				IPHONEOS_DEPLOYMENT_TARGET = 17.4;
				MARKETING_VERSION = 1.0;
				PRODUCT_BUNDLE_IDENTIFIER = com.example1.HuiPizzaTests;
				PRODUCT_NAME = "$(TARGET_NAME)";
				SWIFT_EMIT_LOC_STRINGS = NO;
				SWIFT_VERSION = 5.0;
				TARGETED_DEVICE_FAMILY = "1,2";
				TEST_HOST = "$(BUILT_PRODUCTS_DIR)/HuiPizza.app/$(BUNDLE_EXECUTABLE_FOLDER_PATH)/HuiPizza";
			};
			name = Debug;
		};
		5EEC38512BB7DF91000C9A7B /* Release */ = {
			isa = XCBuildConfiguration;
			buildSettings = {
				ALWAYS_EMBED_SWIFT_STANDARD_LIBRARIES = YES;
				BUNDLE_LOADER = "$(TEST_HOST)";
				CODE_SIGN_STYLE = Automatic;
				CURRENT_PROJECT_VERSION = 1;
				GENERATE_INFOPLIST_FILE = YES;
				IPHONEOS_DEPLOYMENT_TARGET = 17.4;
				MARKETING_VERSION = 1.0;
				PRODUCT_BUNDLE_IDENTIFIER = com.example1.HuiPizzaTests;
				PRODUCT_NAME = "$(TARGET_NAME)";
				SWIFT_EMIT_LOC_STRINGS = NO;
				SWIFT_VERSION = 5.0;
				TARGETED_DEVICE_FAMILY = "1,2";
				TEST_HOST = "$(BUILT_PRODUCTS_DIR)/HuiPizza.app/$(BUNDLE_EXECUTABLE_FOLDER_PATH)/HuiPizza";
			};
			name = Release;
		};
		5EEC38532BB7DF91000C9A7B /* Debug */ = {
			isa = XCBuildConfiguration;
			buildSettings = {
				ALWAYS_EMBED_SWIFT_STANDARD_LIBRARIES = YES;
				CODE_SIGN_STYLE = Automatic;
				CURRENT_PROJECT_VERSION = 1;
				GENERATE_INFOPLIST_FILE = YES;
				MARKETING_VERSION = 1.0;
				PRODUCT_BUNDLE_IDENTIFIER = com.example1.HuiPizzaUITests;
				PRODUCT_NAME = "$(TARGET_NAME)";
				SWIFT_EMIT_LOC_STRINGS = NO;
				SWIFT_VERSION = 5.0;
				TARGETED_DEVICE_FAMILY = "1,2";
				TEST_TARGET_NAME = HuiPizza;
			};
			name = Debug;
		};
		5EEC38542BB7DF91000C9A7B /* Release */ = {
			isa = XCBuildConfiguration;
			buildSettings = {
				ALWAYS_EMBED_SWIFT_STANDARD_LIBRARIES = YES;
				CODE_SIGN_STYLE = Automatic;
				CURRENT_PROJECT_VERSION = 1;
				GENERATE_INFOPLIST_FILE = YES;
				MARKETING_VERSION = 1.0;
				PRODUCT_BUNDLE_IDENTIFIER = com.example1.HuiPizzaUITests;
				PRODUCT_NAME = "$(TARGET_NAME)";
				SWIFT_EMIT_LOC_STRINGS = NO;
				SWIFT_VERSION = 5.0;
				TARGETED_DEVICE_FAMILY = "1,2";
				TEST_TARGET_NAME = HuiPizza;
			};
			name = Release;
		};
/* End XCBuildConfiguration section */

/* Begin XCConfigurationList section */
		5EEC38232BB7DF8C000C9A7B /* Build configuration list for PBXProject "HuiPizza" */ = {
			isa = XCConfigurationList;
			buildConfigurations = (
				5EEC384A2BB7DF91000C9A7B /* Debug */,
				5EEC384B2BB7DF91000C9A7B /* Release */,
			);
			defaultConfigurationIsVisible = 0;
			defaultConfigurationName = Release;
		};
		5EEC384C2BB7DF91000C9A7B /* Build configuration list for PBXNativeTarget "HuiPizza" */ = {
			isa = XCConfigurationList;
			buildConfigurations = (
				5EEC384D2BB7DF91000C9A7B /* Debug */,
				5EEC384E2BB7DF91000C9A7B /* Release */,
			);
			defaultConfigurationIsVisible = 0;
			defaultConfigurationName = Release;
		};
		5EEC384F2BB7DF91000C9A7B /* Build configuration list for PBXNativeTarget "HuiPizzaTests" */ = {
			isa = XCConfigurationList;
			buildConfigurations = (
				5EEC38502BB7DF91000C9A7B /* Debug */,
				5EEC38512BB7DF91000C9A7B /* Release */,
			);
			defaultConfigurationIsVisible = 0;
			defaultConfigurationName = Release;
		};
		5EEC38522BB7DF91000C9A7B /* Build configuration list for PBXNativeTarget "HuiPizzaUITests" */ = {
			isa = XCConfigurationList;
			buildConfigurations = (
				5EEC38532BB7DF91000C9A7B /* Debug */,
				5EEC38542BB7DF91000C9A7B /* Release */,
			);
			defaultConfigurationIsVisible = 0;
			defaultConfigurationName = Release;
		};
/* End XCConfigurationList section */
	};
	rootObject = 5EEC38202BB7DF8C000C9A7B /* Project object */;
}
